// !$*UTF8*$!
{
	archiveVersion = 1;
	classes = {
	};
	objectVersion = 46;
	objects = {

/* Begin PBXBuildFile section */
		BC8FB61F1D5874A700F3894D /* AppDelegate.swift in Sources */ = {isa = PBXBuildFile; fileRef = BC8FB61E1D5874A700F3894D /* AppDelegate.swift */; };
		BC8FB6211D5874A700F3894D /* ViewController.swift in Sources */ = {isa = PBXBuildFile; fileRef = BC8FB6201D5874A700F3894D /* ViewController.swift */; };
		BC8FB6241D5874A700F3894D /* Main.storyboard in Resources */ = {isa = PBXBuildFile; fileRef = BC8FB6221D5874A700F3894D /* Main.storyboard */; };
		BC8FB6261D5874A700F3894D /* Assets.xcassets in Resources */ = {isa = PBXBuildFile; fileRef = BC8FB6251D5874A700F3894D /* Assets.xcassets */; };
		BC8FB6291D5874A700F3894D /* LaunchScreen.storyboard in Resources */ = {isa = PBXBuildFile; fileRef = BC8FB6271D5874A700F3894D /* LaunchScreen.storyboard */; };
/* End PBXBuildFile section */

/* Begin PBXFileReference section */
		BC8FB61B1D5874A700F3894D /* getDemo.app */ = {isa = PBXFileReference; explicitFileType = wrapper.application; includeInIndex = 0; path = getDemo.app; sourceTree = BUILT_PRODUCTS_DIR; };
		BC8FB61E1D5874A700F3894D /* AppDelegate.swift */ = {isa = PBXFileReference; lastKnownFileType = sourcecode.swift; path = AppDelegate.swift; sourceTree = "<group>"; };
		BC8FB6201D5874A700F3894D /* ViewController.swift */ = {isa = PBXFileReference; lastKnownFileType = sourcecode.swift; path = ViewController.swift; sourceTree = "<group>"; };
		BC8FB6231D5874A700F3894D /* Base */ = {isa = PBXFileReference; lastKnownFileType = file.storyboard; name = Base; path = Base.lproj/Main.storyboard; sourceTree = "<group>"; };
		BC8FB6251D5874A700F3894D /* Assets.xcassets */ = {isa = PBXFileReference; lastKnownFileType = folder.assetcatalog; path = Assets.xcassets; sourceTree = "<group>"; };
		BC8FB6281D5874A700F3894D /* Base */ = {isa = PBXFileReference; lastKnownFileType = file.storyboard; name = Base; path = Base.lproj/LaunchScreen.storyboard; sourceTree = "<group>"; };
		BC8FB62A1D5874A700F3894D /* Info.plist */ = {isa = PBXFileReference; lastKnownFileType = text.plist.xml; path = Info.plist; sourceTree = "<group>"; };
/* End PBXFileReference section */

/* Begin PBXFrameworksBuildPhase section */
		BC8FB6181D5874A600F3894D /* Frameworks */ = {
			isa = PBXFrameworksBuildPhase;
			buildActionMask = 2147483647;
			files = (
			);
			runOnlyForDeploymentPostprocessing = 0;
		};
/* End PBXFrameworksBuildPhase section */

/* Begin PBXGroup section */
		BC8FB6121D5874A600F3894D = {
			isa = PBXGroup;
			children = (
				BC8FB61D1D5874A700F3894D /* getDemo */,
				BC8FB61C1D5874A700F3894D /* Products */,
			);
			sourceTree = "<group>";
		};
		BC8FB61C1D5874A700F3894D /* Products */ = {
			isa = PBXGroup;
			children = (
				BC8FB61B1D5874A700F3894D /* getDemo.app */,
			);
			name = Products;
			sourceTree = "<group>";
		};
		BC8FB61D1D5874A700F3894D /* getDemo */ = {
			isa = PBXGroup;
			children = (
				BC8FB61E1D5874A700F3894D /* AppDelegate.swift */,
				BC8FB6201D5874A700F3894D /* ViewController.swift */,
				BC8FB6221D5874A700F3894D /* Main.storyboard */,
				BC8FB6251D5874A700F3894D /* Assets.xcassets */,
				BC8FB6271D5874A700F3894D /* LaunchScreen.storyboard */,
				BC8FB62A1D5874A700F3894D /* Info.plist */,
			);
			path = getDemo;
			sourceTree = "<group>";
		};
/* End PBXGroup section */

/* Begin PBXNativeTarget section */
		BC8FB61A1D5874A600F3894D /* getDemo */ = {
			isa = PBXNativeTarget;
			buildConfigurationList = BC8FB62D1D5874A700F3894D /* Build configuration list for PBXNativeTarget "getDemo" */;
			buildPhases = (
				BC8FB6171D5874A600F3894D /* Sources */,
				BC8FB6181D5874A600F3894D /* Frameworks */,
				BC8FB6191D5874A600F3894D /* Resources */,
			);
			buildRules = (
			);
			dependencies = (
			);
			name = getDemo;
			productName = getDemo;
			productReference = BC8FB61B1D5874A700F3894D /* getDemo.app */;
			productType = "com.apple.product-type.application";
		};
/* End PBXNativeTarget section */

/* Begin PBXProject section */
		BC8FB6131D5874A600F3894D /* Project object */ = {
			isa = PBXProject;
			attributes = {
				LastSwiftUpdateCheck = 0730;
				LastUpgradeCheck = 0730;
				ORGANIZATIONNAME = DongYiHao;
				TargetAttributes = {
					BC8FB61A1D5874A600F3894D = {
						CreatedOnToolsVersion = 7.3.1;
					};
				};
			};
			buildConfigurationList = BC8FB6161D5874A600F3894D /* Build configuration list for PBXProject "getDemo" */;
			compatibilityVersion = "Xcode 3.2";
			developmentRegion = English;
			hasScannedForEncodings = 0;
			knownRegions = (
				en,
				Base,
			);
			mainGroup = BC8FB6121D5874A600F3894D;
			productRefGroup = BC8FB61C1D5874A700F3894D /* Products */;
			projectDirPath = "";
			projectRoot = "";
			targets = (
				BC8FB61A1D5874A600F3894D /* getDemo */,
			);
		};
/* End PBXProject section */

/* Begin PBXResourcesBuildPhase section */
		BC8FB6191D5874A600F3894D /* Resources */ = {
			isa = PBXResourcesBuildPhase;
			buildActionMask = 2147483647;
			files = (
				BC8FB6291D5874A700F3894D /* LaunchScreen.storyboard in Resources */,
				BC8FB6261D5874A700F3894D /* Assets.xcassets in Resources */,
				BC8FB6241D5874A700F3894D /* Main.storyboard in Resources */,
			);
			runOnlyForDeploymentPostprocessing = 0;
		};
/* End PBXResourcesBuildPhase section */

/* Begin PBXSourcesBuildPhase section */
		BC8FB6171D5874A600F3894D /* Sources */ = {
			isa = PBXSourcesBuildPhase;
			buildActionMask = 2147483647;
			files = (
				BC8FB6211D5874A700F3894D /* ViewController.swift in Sources */,
				BC8FB61F1D5874A700F3894D /* AppDelegate.swift in Sources */,
			);
			runOnlyForDeploymentPostprocessing = 0;
		};
/* End PBXSourcesBuildPhase section */

/* Begin PBXVariantGroup section */
		BC8FB6221D5874A700F3894D /* Main.storyboard */ = {
			isa = PBXVariantGroup;
			children = (
				BC8FB6231D5874A700F3894D /* Base */,
			);
			name = Main.storyboard;
			sourceTree = "<group>";
		};
		BC8FB6271D5874A700F3894D /* LaunchScreen.storyboard */ = {
			isa = PBXVariantGroup;
			children = (
				BC8FB6281D5874A700F3894D /* Base */,
			);
			name = LaunchScreen.storyboard;
			sourceTree = "<group>";
		};
/* End PBXVariantGroup section */

/* Begin XCBuildConfiguration section */
		BC8FB62B1D5874A700F3894D /* Debug */ = {
			isa = XCBuildConfiguration;
			buildSettings = {
				ALWAYS_SEARCH_USER_PATHS = NO;
				CLANG_ANALYZER_NONNULL = YES;
				CLANG_CXX_LANGUAGE_STANDARD = "gnu++0x";
				CLANG_CXX_LIBRARY = "libc++";
				CLANG_ENABLE_MODULES = YES;
				CLANG_ENABLE_OBJC_ARC = YES;
				CLANG_WARN_BOOL_CONVERSION = YES;
				CLANG_WARN_CONSTANT_CONVERSION = YES;
				CLANG_WARN_DIRECT_OBJC_ISA_USAGE = YES_ERROR;
				CLANG_WARN_EMPTY_BODY = YES;
				CLANG_WARN_ENUM_CONVERSION = YES;
				CLANG_WARN_INT_CONVERSION = YES;
				CLANG_WARN_OBJC_ROOT_CLASS = YES_ERROR;
				CLANG_WARN_UNREACHABLE_CODE = YES;
				CLANG_WARN__DUPLICATE_METHOD_MATCH = YES;
				"CODE_SIGN_IDENTITY[sdk=iphoneos*]" = "iPhone Developer";
				COPY_PHASE_STRIP = NO;
				DEBUG_INFORMATION_FORMAT = dwarf;
				ENABLE_STRICT_OBJC_MSGSEND = YES;
				ENABLE_TESTABILITY = YES;
				GCC_C_LANGUAGE_STANDARD = gnu99;
				GCC_DYNAMIC_NO_PIC = NO;
				GCC_NO_COMMON_BLOCKS = YES;
				GCC_OPTIMIZATION_LEVEL = 0;
				GCC_PREPROCESSOR_DEFINITIONS = (
					"DEBUG=1",
					"$(inherited)",
				);
				GCC_WARN_64_TO_32_BIT_CONVERSION = YES;
				GCC_WARN_ABOUT_RETURN_TYPE = YES_ERROR;
				GCC_WARN_UNDECLARED_SELECTOR = YES;
				GCC_WARN_UNINITIALIZED_AUTOS = YES_AGGRESSIVE;
				GCC_WARN_UNUSED_FUNCTION = YES;
				GCC_WARN_UNUSED_VARIABLE = YES;
				IPHONEOS_DEPLOYMENT_TARGET = 9.3;
				MTL_ENABLE_DEBUG_INFO = YES;
				ONLY_ACTIVE_ARCH = YES;
				SDKROOT = iphoneos;
				SWIFT_OPTIMIZATION_LEVEL = "-Onone";
				TARGETED_DEVICE_FAMILY = "1,2";
			};
			name = Debug;
		};
		BC8FB62C1D5874A700F3894D /* Release */ = {
			isa = XCBuildConfiguration;
			buildSettings = {
				ALWAYS_SEARCH_USER_PATHS = NO;
				CLANG_ANALYZER_NONNULL = YES;
				CLANG_CXX_LANGUAGE_STANDARD = "gnu++0x";
				CLANG_CXX_LIBRARY = "libc++";
				CLANG_ENABLE_MODULES = YES;
				CLANG_ENABLE_OBJC_ARC = YES;
				CLANG_WARN_BOOL_CONVERSION = YES;
				CLANG_WARN_CONSTANT_CONVERSION = YES;
				CLANG_WARN_DIRECT_OBJC_ISA_USAGE = YES_ERROR;
				CLANG_WARN_EMPTY_BODY = YES;
				CLANG_WARN_ENUM_CONVERSION = YES;
				CLANG_WARN_INT_CONVERSION = YES;
				CLANG_WARN_OBJC_ROOT_CLASS = YES_ERROR;
				CLANG_WARN_UNREACHABLE_CODE = YES;
				CLANG_WARN__DUPLICATE_METHOD_MATCH = YES;
				"CODE_SIGN_IDENTITY[sdk=iphoneos*]" = "iPhone Developer";
				COPY_PHASE_STRIP = NO;
				DEBUG_INFORMATION_FORMAT = "dwarf-with-dsym";
				ENABLE_NS_ASSERTIONS = NO;
				ENABLE_STRICT_OBJC_MSGSEND = YES;
				GCC_C_LANGUAGE_STANDARD = gnu99;
				GCC_NO_COMMON_BLOCKS = YES;
				GCC_WARN_64_TO_32_BIT_CONVERSION = YES;
				GCC_WARN_ABOUT_RETURN_TYPE = YES_ERROR;
				GCC_WARN_UNDECLARED_SELECTOR = YES;
				GCC_WARN_UNINITIALIZED_AUTOS = YES_AGGRESSIVE;
				GCC_WARN_UNUSED_FUNCTION = YES;
				GCC_WARN_UNUSED_VARIABLE = YES;
				IPHONEOS_DEPLOYMENT_TARGET = 9.3;
				MTL_ENABLE_DEBUG_INFO = NO;
				SDKROOT = iphoneos;
				TARGETED_DEVICE_FAMILY = "1,2";
				VALIDATE_PRODUCT = YES;
			};
			name = Release;
		};
		BC8FB62E1D5874A700F3894D /* Debug */ = {
			isa = XCBuildConfiguration;
			buildSettings = {
				ASSETCATALOG_COMPILER_APPICON_NAME = AppIcon;
				INFOPLIST_FILE = getDemo/Info.plist;
				LD_RUNPATH_SEARCH_PATHS = "$(inherited) @executable_path/Frameworks";
				PRODUCT_BUNDLE_IDENTIFIER = qianfeng.getDemo;
				PRODUCT_NAME = "$(TARGET_NAME)";
			};
			name = Debug;
		};
		BC8FB62F1D5874A700F3894D /* Release */ = {
			isa = XCBuildConfiguration;
			buildSettings = {
				ASSETCATALOG_COMPILER_APPICON_NAME = AppIcon;
				INFOPLIST_FILE = getDemo/Info.plist;
				LD_RUNPATH_SEARCH_PATHS = "$(inherited) @executable_path/Frameworks";
				PRODUCT_BUNDLE_IDENTIFIER = qianfeng.getDemo;
				PRODUCT_NAME = "$(TARGET_NAME)";
			};
			name = Release;
		};
/* End XCBuildConfiguration section */

/* Begin XCConfigurationList section */
		BC8FB6161D5874A600F3894D /* Build configuration list for PBXProject "getDemo" */ = {
			isa = XCConfigurationList;
			buildConfigurations = (
				BC8FB62B1D5874A700F3894D /* Debug */,
				BC8FB62C1D5874A700F3894D /* Release */,
			);
			defaultConfigurationIsVisible = 0;
			defaultConfigurationName = Release;
		};
		BC8FB62D1D5874A700F3894D /* Build configuration list for PBXNativeTarget "getDemo" */ = {
			isa = XCConfigurationList;
			buildConfigurations = (
				BC8FB62E1D5874A700F3894D /* Debug */,
				BC8FB62F1D5874A700F3894D /* Release */,
			);
			defaultConfigurationIsVisible = 0;
		};
/* End XCConfigurationList section */
	};
	rootObject = BC8FB6131D5874A600F3894D /* Project object */;
}
